// !$*UTF8*$!
{
	archiveVersion = 1;
	classes = {
	};
	objectVersion = 56;
	objects = {

/* Begin PBXBuildFile section */
		3F17CB8F2EB93B64000AE4BB /* FirebaseAuth in Frameworks */ = {isa = PBXBuildFile; productRef = 3F17CB8E2EB93B64000AE4BB /* FirebaseAuth */; };
		3F17CB912EB93B64000AE4BB /* FirebaseAuthCombine-Community in Frameworks */ = {isa = PBXBuildFile; productRef = 3F17CB902EB93B64000AE4BB /* FirebaseAuthCombine-Community */; };
		3F17CB932EB93B64000AE4BB /* FirebaseCore in Frameworks */ = {isa = PBXBuildFile; productRef = 3F17CB922EB93B64000AE4BB /* FirebaseCore */; };
		3F17CB9B2EB93B64000AE4BB /* FirebaseFirestore in Frameworks */ = {isa = PBXBuildFile; productRef = 3F17CB9A2EB93B64000AE4BB /* FirebaseFirestore */; };
		3F17CB9D2EB93B64000AE4BB /* FirebaseFirestoreCombine-Community in Frameworks */ = {isa = PBXBuildFile; productRef = 3F17CB9C2EB93B64000AE4BB /* FirebaseFirestoreCombine-Community */; };
		3F17CB9F2EB93B64000AE4BB /* FirebaseFunctions in Frameworks */ = {isa = PBXBuildFile; productRef = 3F17CB9E2EB93B64000AE4BB /* FirebaseFunctions */; };
		3F17CBAF2EB93B64000AE4BB /* FirebaseStorage in Frameworks */ = {isa = PBXBuildFile; productRef = 3F17CBAE2EB93B64000AE4BB /* FirebaseStorage */; };
		3F17CBB12EB93B64000AE4BB /* FirebaseStorageCombine-Community in Frameworks */ = {isa = PBXBuildFile; productRef = 3F17CBB02EB93B64000AE4BB /* FirebaseStorageCombine-Community */; };
		3F6999202EB71C03004BBB29 /* AppDelegate.swift in Sources */ = {isa = PBXBuildFile; fileRef = 3F69991F2EB71C03004BBB29 /* AppDelegate.swift */; };
		3F6999222EB71C03004BBB29 /* SceneDelegate.swift in Sources */ = {isa = PBXBuildFile; fileRef = 3F6999212EB71C03004BBB29 /* SceneDelegate.swift */; };
		3F6999242EB71C03004BBB29 /* ViewController.swift in Sources */ = {isa = PBXBuildFile; fileRef = 3F6999232EB71C03004BBB29 /* ViewController.swift */; };
		3F6999272EB71C03004BBB29 /* Main.storyboard in Resources */ = {isa = PBXBuildFile; fileRef = 3F6999252EB71C03004BBB29 /* Main.storyboard */; };
		3F6999292EB71C05004BBB29 /* Assets.xcassets in Resources */ = {isa = PBXBuildFile; fileRef = 3F6999282EB71C05004BBB29 /* Assets.xcassets */; };
		3F69992C2EB71C05004BBB29 /* LaunchScreen.storyboard in Resources */ = {isa = PBXBuildFile; fileRef = 3F69992A2EB71C05004BBB29 /* LaunchScreen.storyboard */; };
		3F6999352EB71C17004BBB29 /* Alamofire in Frameworks */ = {isa = PBXBuildFile; productRef = 3F6999342EB71C17004BBB29 /* Alamofire */; };
		3F69993F2EB71DC4004BBB29 /* ChatViewController.swift in Sources */ = {isa = PBXBuildFile; fileRef = 3F69993E2EB71DC4004BBB29 /* ChatViewController.swift */; };
		3F6999422EB71DF3004BBB29 /* LoginViewController.swift in Sources */ = {isa = PBXBuildFile; fileRef = 3F6999412EB71DF3004BBB29 /* LoginViewController.swift */; };
		3F6999442EB71E07004BBB29 /* RegisterViewController.swift in Sources */ = {isa = PBXBuildFile; fileRef = 3F6999432EB71E07004BBB29 /* RegisterViewController.swift */; };
		3F6999462EB71E1C004BBB29 /* ChatView.swift in Sources */ = {isa = PBXBuildFile; fileRef = 3F6999452EB71E1C004BBB29 /* ChatView.swift */; };
		3F6999482EB71E2E004BBB29 /* ContactListView.swift in Sources */ = {isa = PBXBuildFile; fileRef = 3F6999472EB71E2E004BBB29 /* ContactListView.swift */; };
		3F69994A2EB71E40004BBB29 /* LoginView.swift in Sources */ = {isa = PBXBuildFile; fileRef = 3F6999492EB71E40004BBB29 /* LoginView.swift */; };
		3F69994C2EB71E4D004BBB29 /* RegisterView.swift in Sources */ = {isa = PBXBuildFile; fileRef = 3F69994B2EB71E4D004BBB29 /* RegisterView.swift */; };
		3F69994E2EB71EFA004BBB29 /* TableViewContactCell.swift in Sources */ = {isa = PBXBuildFile; fileRef = 3F69994D2EB71EFA004BBB29 /* TableViewContactCell.swift */; };
		3F79629F2EBC768400CE1393 /* ChatSession.swift in Sources */ = {isa = PBXBuildFile; fileRef = 3F79629E2EBC768400CE1393 /* ChatSession.swift */; };
		3F7962A22EBC771B00CE1393 /* ChatService.swift in Sources */ = {isa = PBXBuildFile; fileRef = 3F7962A12EBC771B00CE1393 /* ChatService.swift */; };
		3F7962A42EBC8D0A00CE1393 /* Chat.swift in Sources */ = {isa = PBXBuildFile; fileRef = 3F7962A32EBC8D0A00CE1393 /* Chat.swift */; };
		3FFBE8772EB88CD700309B66 /* GoogleService-Info.plist in Resources */ = {isa = PBXBuildFile; fileRef = 3FFBE8762EB88CD700309B66 /* GoogleService-Info.plist */; };
		716C05822EBBCF37004D6F6C /* User.swift in Sources */ = {isa = PBXBuildFile; fileRef = 716C05812EBBCF37004D6F6C /* User.swift */; };
		716C05842EBBCF76004D6F6C /* Message.swift in Sources */ = {isa = PBXBuildFile; fileRef = 716C05832EBBCF76004D6F6C /* Message.swift */; };
		716C05862EBBD23D004D6F6C /* Helper.swift in Sources */ = {isa = PBXBuildFile; fileRef = 716C05852EBBD23D004D6F6C /* Helper.swift */; };
		71FEDC1B2EBD6D2700294731 /* AddFriendView.swift in Sources */ = {isa = PBXBuildFile; fileRef = 71FEDC1A2EBD6D2200294731 /* AddFriendView.swift */; };
		71FEDC1D2EBD6D3300294731 /* AddFriendController.swift in Sources */ = {isa = PBXBuildFile; fileRef = 71FEDC1C2EBD6D2B00294731 /* AddFriendController.swift */; };
		71FEDC212EBDA7F900294731 /* ChatMessageCell.swift in Sources */ = {isa = PBXBuildFile; fileRef = 71FEDC202EBDA7F900294731 /* ChatMessageCell.swift */; };
/* End PBXBuildFile section */

/* Begin PBXFileReference section */
		3F69991C2EB71C03004BBB29 /* css-5520-assignment-8.app */ = {isa = PBXFileReference; explicitFileType = wrapper.application; includeInIndex = 0; path = "css-5520-assignment-8.app"; sourceTree = BUILT_PRODUCTS_DIR; };
		3F69991F2EB71C03004BBB29 /* AppDelegate.swift */ = {isa = PBXFileReference; lastKnownFileType = sourcecode.swift; path = AppDelegate.swift; sourceTree = "<group>"; };
		3F6999212EB71C03004BBB29 /* SceneDelegate.swift */ = {isa = PBXFileReference; lastKnownFileType = sourcecode.swift; path = SceneDelegate.swift; sourceTree = "<group>"; };
		3F6999232EB71C03004BBB29 /* ViewController.swift */ = {isa = PBXFileReference; lastKnownFileType = sourcecode.swift; path = ViewController.swift; sourceTree = "<group>"; };
		3F6999262EB71C03004BBB29 /* Base */ = {isa = PBXFileReference; lastKnownFileType = file.storyboard; name = Base; path = Base.lproj/Main.storyboard; sourceTree = "<group>"; };
		3F6999282EB71C05004BBB29 /* Assets.xcassets */ = {isa = PBXFileReference; lastKnownFileType = folder.assetcatalog; path = Assets.xcassets; sourceTree = "<group>"; };
		3F69992B2EB71C05004BBB29 /* Base */ = {isa = PBXFileReference; lastKnownFileType = file.storyboard; name = Base; path = Base.lproj/LaunchScreen.storyboard; sourceTree = "<group>"; };
		3F69992D2EB71C05004BBB29 /* Info.plist */ = {isa = PBXFileReference; lastKnownFileType = text.plist.xml; path = Info.plist; sourceTree = "<group>"; };
		3F69993E2EB71DC4004BBB29 /* ChatViewController.swift */ = {isa = PBXFileReference; lastKnownFileType = sourcecode.swift; path = ChatViewController.swift; sourceTree = "<group>"; };
		3F6999412EB71DF3004BBB29 /* LoginViewController.swift */ = {isa = PBXFileReference; lastKnownFileType = sourcecode.swift; path = LoginViewController.swift; sourceTree = "<group>"; };
		3F6999432EB71E07004BBB29 /* RegisterViewController.swift */ = {isa = PBXFileReference; lastKnownFileType = sourcecode.swift; path = RegisterViewController.swift; sourceTree = "<group>"; };
		3F6999452EB71E1C004BBB29 /* ChatView.swift */ = {isa = PBXFileReference; lastKnownFileType = sourcecode.swift; path = ChatView.swift; sourceTree = "<group>"; };
		3F6999472EB71E2E004BBB29 /* ContactListView.swift */ = {isa = PBXFileReference; lastKnownFileType = sourcecode.swift; path = ContactListView.swift; sourceTree = "<group>"; };
		3F6999492EB71E40004BBB29 /* LoginView.swift */ = {isa = PBXFileReference; lastKnownFileType = sourcecode.swift; path = LoginView.swift; sourceTree = "<group>"; };
		3F69994B2EB71E4D004BBB29 /* RegisterView.swift */ = {isa = PBXFileReference; lastKnownFileType = sourcecode.swift; path = RegisterView.swift; sourceTree = "<group>"; };
		3F69994D2EB71EFA004BBB29 /* TableViewContactCell.swift */ = {isa = PBXFileReference; lastKnownFileType = sourcecode.swift; path = TableViewContactCell.swift; sourceTree = "<group>"; };
		3F79629E2EBC768400CE1393 /* ChatSession.swift */ = {isa = PBXFileReference; lastKnownFileType = sourcecode.swift; path = ChatSession.swift; sourceTree = "<group>"; };
		3F7962A12EBC771B00CE1393 /* ChatService.swift */ = {isa = PBXFileReference; lastKnownFileType = sourcecode.swift; path = ChatService.swift; sourceTree = "<group>"; };
		3F7962A32EBC8D0A00CE1393 /* Chat.swift */ = {isa = PBXFileReference; lastKnownFileType = sourcecode.swift; path = Chat.swift; sourceTree = "<group>"; };
		3FFBE8762EB88CD700309B66 /* GoogleService-Info.plist */ = {isa = PBXFileReference; fileEncoding = 4; lastKnownFileType = text.plist.xml; path = "GoogleService-Info.plist"; sourceTree = "<group>"; };
		716C05812EBBCF37004D6F6C /* User.swift */ = {isa = PBXFileReference; lastKnownFileType = sourcecode.swift; name = User.swift; path = "css-5520-assignment-8/Models/User.swift"; sourceTree = SOURCE_ROOT; };
		716C05832EBBCF76004D6F6C /* Message.swift */ = {isa = PBXFileReference; lastKnownFileType = sourcecode.swift; name = Message.swift; path = "css-5520-assignment-8/Models/Message.swift"; sourceTree = SOURCE_ROOT; };
		716C05852EBBD23D004D6F6C /* Helper.swift */ = {isa = PBXFileReference; lastKnownFileType = sourcecode.swift; name = Helper.swift; path = "css-5520-assignment-8/Utilities/Helper.swift"; sourceTree = SOURCE_ROOT; };
		71FEDC1A2EBD6D2200294731 /* AddFriendView.swift */ = {isa = PBXFileReference; lastKnownFileType = sourcecode.swift; path = AddFriendView.swift; sourceTree = "<group>"; };
		71FEDC1C2EBD6D2B00294731 /* AddFriendController.swift */ = {isa = PBXFileReference; lastKnownFileType = sourcecode.swift; path = AddFriendController.swift; sourceTree = "<group>"; };
		71FEDC202EBDA7F900294731 /* ChatMessageCell.swift */ = {isa = PBXFileReference; lastKnownFileType = sourcecode.swift; path = ChatMessageCell.swift; sourceTree = "<group>"; };
/* End PBXFileReference section */

/* Begin PBXFrameworksBuildPhase section */
		3F6999192EB71C03004BBB29 /* Frameworks */ = {
			isa = PBXFrameworksBuildPhase;
			buildActionMask = 2147483647;
			files = (
				3F6999352EB71C17004BBB29 /* Alamofire in Frameworks */,
				3F17CB912EB93B64000AE4BB /* FirebaseAuthCombine-Community in Frameworks */,
				3F17CB9D2EB93B64000AE4BB /* FirebaseFirestoreCombine-Community in Frameworks */,
				3F17CBB12EB93B64000AE4BB /* FirebaseStorageCombine-Community in Frameworks */,
				3F17CB932EB93B64000AE4BB /* FirebaseCore in Frameworks */,
				3F17CB9B2EB93B64000AE4BB /* FirebaseFirestore in Frameworks */,
				3F17CB9F2EB93B64000AE4BB /* FirebaseFunctions in Frameworks */,
				3F17CBAF2EB93B64000AE4BB /* FirebaseStorage in Frameworks */,
				3F17CB8F2EB93B64000AE4BB /* FirebaseAuth in Frameworks */,
			);
			runOnlyForDeploymentPostprocessing = 0;
		};
/* End PBXFrameworksBuildPhase section */

/* Begin PBXGroup section */
		3F6999132EB71C03004BBB29 = {
			isa = PBXGroup;
			children = (
				3F69991E2EB71C03004BBB29 /* css-5520-assignment-8 */,
				3F69991D2EB71C03004BBB29 /* Products */,
			);
			sourceTree = "<group>";
		};
		3F69991D2EB71C03004BBB29 /* Products */ = {
			isa = PBXGroup;
			children = (
				3F69991C2EB71C03004BBB29 /* css-5520-assignment-8.app */,
			);
			name = Products;
			sourceTree = "<group>";
		};
		3F69991E2EB71C03004BBB29 /* css-5520-assignment-8 */ = {
			isa = PBXGroup;
			children = (
				3F7962A02EBC770700CE1393 /* Network */,
				3F79629D2EBC764B00CE1393 /* Utilities */,
				3F79629B2EBC762800CE1393 /* Models */,
				3FFBE8762EB88CD700309B66 /* GoogleService-Info.plist */,
				3F69993B2EB71D47004BBB29 /* Chat */,
				3F69993A2EB71D38004BBB29 /* Contact List */,
				3F6999392EB71D27004BBB29 /* Login */,
				3F6999382EB71D1A004BBB29 /* Register */,
				3F69991F2EB71C03004BBB29 /* AppDelegate.swift */,
				3F6999212EB71C03004BBB29 /* SceneDelegate.swift */,
				3F6999252EB71C03004BBB29 /* Main.storyboard */,
				3F6999282EB71C05004BBB29 /* Assets.xcassets */,
				3F69992A2EB71C05004BBB29 /* LaunchScreen.storyboard */,
				3F69992D2EB71C05004BBB29 /* Info.plist */,
				71FEDC192EBD6D1000294731 /* Add Friend */,
			);
			path = "css-5520-assignment-8";
			sourceTree = "<group>";
		};
		3F6999382EB71D1A004BBB29 /* Register */ = {
			isa = PBXGroup;
			children = (
				3F6999432EB71E07004BBB29 /* RegisterViewController.swift */,
				3F69994B2EB71E4D004BBB29 /* RegisterView.swift */,
			);
			path = Register;
			sourceTree = "<group>";
		};
		3F6999392EB71D27004BBB29 /* Login */ = {
			isa = PBXGroup;
			children = (
				3F6999412EB71DF3004BBB29 /* LoginViewController.swift */,
				3F6999492EB71E40004BBB29 /* LoginView.swift */,
			);
			path = Login;
			sourceTree = "<group>";
		};
		3F69993A2EB71D38004BBB29 /* Contact List */ = {
			isa = PBXGroup;
			children = (
				3F6999232EB71C03004BBB29 /* ViewController.swift */,
				3F6999472EB71E2E004BBB29 /* ContactListView.swift */,
				3F69994D2EB71EFA004BBB29 /* TableViewContactCell.swift */,
			);
			path = "Contact List";
			sourceTree = "<group>";
		};
		3F69993B2EB71D47004BBB29 /* Chat */ = {
			isa = PBXGroup;
			children = (
				3F69993E2EB71DC4004BBB29 /* ChatViewController.swift */,
				3F6999452EB71E1C004BBB29 /* ChatView.swift */,
				71FEDC202EBDA7F900294731 /* ChatMessageCell.swift */,
			);
			path = Chat;
			sourceTree = "<group>";
		};
		3F79629B2EBC762800CE1393 /* Models */ = {
			isa = PBXGroup;
			children = (
				716C05832EBBCF76004D6F6C /* Message.swift */,
				716C05812EBBCF37004D6F6C /* User.swift */,
				3F79629E2EBC768400CE1393 /* ChatSession.swift */,
				3F7962A32EBC8D0A00CE1393 /* Chat.swift */,
			);
			path = Models;
			sourceTree = "<group>";
		};
		3F79629D2EBC764B00CE1393 /* Utilities */ = {
			isa = PBXGroup;
			children = (
				716C05852EBBD23D004D6F6C /* Helper.swift */,
			);
			path = Utilities;
			sourceTree = "<group>";
		};
		3F7962A02EBC770700CE1393 /* Network */ = {
			isa = PBXGroup;
			children = (
				3F7962A12EBC771B00CE1393 /* ChatService.swift */,
			);
			path = Network;
			sourceTree = "<group>";
		};
		71FEDC192EBD6D1000294731 /* Add Friend */ = {
			isa = PBXGroup;
			children = (
				71FEDC1C2EBD6D2B00294731 /* AddFriendController.swift */,
				71FEDC1A2EBD6D2200294731 /* AddFriendView.swift */,
			);
			path = "Add Friend";
			sourceTree = "<group>";
		};
/* End PBXGroup section */

/* Begin PBXNativeTarget section */
		3F69991B2EB71C03004BBB29 /* css-5520-assignment-8 */ = {
			isa = PBXNativeTarget;
			buildConfigurationList = 3F6999302EB71C05004BBB29 /* Build configuration list for PBXNativeTarget "css-5520-assignment-8" */;
			buildPhases = (
				3F6999182EB71C03004BBB29 /* Sources */,
				3F6999192EB71C03004BBB29 /* Frameworks */,
				3F69991A2EB71C03004BBB29 /* Resources */,
			);
			buildRules = (
			);
			dependencies = (
			);
			name = "css-5520-assignment-8";
			packageProductDependencies = (
				3F6999342EB71C17004BBB29 /* Alamofire */,
				3F17CB8E2EB93B64000AE4BB /* FirebaseAuth */,
				3F17CB902EB93B64000AE4BB /* FirebaseAuthCombine-Community */,
				3F17CB922EB93B64000AE4BB /* FirebaseCore */,
				3F17CB9A2EB93B64000AE4BB /* FirebaseFirestore */,
				3F17CB9C2EB93B64000AE4BB /* FirebaseFirestoreCombine-Community */,
				3F17CB9E2EB93B64000AE4BB /* FirebaseFunctions */,
				3F17CBAE2EB93B64000AE4BB /* FirebaseStorage */,
				3F17CBB02EB93B64000AE4BB /* FirebaseStorageCombine-Community */,
			);
			productName = "css-5520-assignment-8";
			productReference = 3F69991C2EB71C03004BBB29 /* css-5520-assignment-8.app */;
			productType = "com.apple.product-type.application";
		};
/* End PBXNativeTarget section */

/* Begin PBXProject section */
		3F6999142EB71C03004BBB29 /* Project object */ = {
			isa = PBXProject;
			attributes = {
				BuildIndependentTargetsInParallel = 1;
				LastSwiftUpdateCheck = 1520;
				LastUpgradeCheck = 1520;
				TargetAttributes = {
					3F69991B2EB71C03004BBB29 = {
						CreatedOnToolsVersion = 15.2;
					};
				};
			};
			buildConfigurationList = 3F6999172EB71C03004BBB29 /* Build configuration list for PBXProject "css-5520-assignment-8" */;
			compatibilityVersion = "Xcode 14.0";
			developmentRegion = en;
			hasScannedForEncodings = 0;
			knownRegions = (
				en,
				Base,
			);
			mainGroup = 3F6999132EB71C03004BBB29;
			packageReferences = (
				3F6999332EB71C17004BBB29 /* XCRemoteSwiftPackageReference "Alamofire" */,
				3F17CB8D2EB93B64000AE4BB /* XCRemoteSwiftPackageReference "firebase-ios-sdk" */,
			);
			productRefGroup = 3F69991D2EB71C03004BBB29 /* Products */;
			projectDirPath = "";
			projectRoot = "";
			targets = (
				3F69991B2EB71C03004BBB29 /* css-5520-assignment-8 */,
			);
		};
/* End PBXProject section */

/* Begin PBXResourcesBuildPhase section */
		3F69991A2EB71C03004BBB29 /* Resources */ = {
			isa = PBXResourcesBuildPhase;
			buildActionMask = 2147483647;
			files = (
				3F69992C2EB71C05004BBB29 /* LaunchScreen.storyboard in Resources */,
				3FFBE8772EB88CD700309B66 /* GoogleService-Info.plist in Resources */,
				3F6999292EB71C05004BBB29 /* Assets.xcassets in Resources */,
				3F6999272EB71C03004BBB29 /* Main.storyboard in Resources */,
			);
			runOnlyForDeploymentPostprocessing = 0;
		};
/* End PBXResourcesBuildPhase section */

/* Begin PBXSourcesBuildPhase section */
		3F6999182EB71C03004BBB29 /* Sources */ = {
			isa = PBXSourcesBuildPhase;
			buildActionMask = 2147483647;
			files = (
				3F6999242EB71C03004BBB29 /* ViewController.swift in Sources */,
				71FEDC212EBDA7F900294731 /* ChatMessageCell.swift in Sources */,
				716C05862EBBD23D004D6F6C /* Helper.swift in Sources */,
				3F7962A42EBC8D0A00CE1393 /* Chat.swift in Sources */,
				3F79629F2EBC768400CE1393 /* ChatSession.swift in Sources */,
				3F69994C2EB71E4D004BBB29 /* RegisterView.swift in Sources */,
				71FEDC1D2EBD6D3300294731 /* AddFriendController.swift in Sources */,
				3F69994E2EB71EFA004BBB29 /* TableViewContactCell.swift in Sources */,
				3F6999202EB71C03004BBB29 /* AppDelegate.swift in Sources */,
				3F69993F2EB71DC4004BBB29 /* ChatViewController.swift in Sources */,
				3F69994A2EB71E40004BBB29 /* LoginView.swift in Sources */,
				3F6999442EB71E07004BBB29 /* RegisterViewController.swift in Sources */,
				3F6999482EB71E2E004BBB29 /* ContactListView.swift in Sources */,
				716C05822EBBCF37004D6F6C /* User.swift in Sources */,
				716C05842EBBCF76004D6F6C /* Message.swift in Sources */,
				3F6999462EB71E1C004BBB29 /* ChatView.swift in Sources */,
				71FEDC1B2EBD6D2700294731 /* AddFriendView.swift in Sources */,
				3F7962A22EBC771B00CE1393 /* ChatService.swift in Sources */,
				3F6999422EB71DF3004BBB29 /* LoginViewController.swift in Sources */,
				3F6999222EB71C03004BBB29 /* SceneDelegate.swift in Sources */,
			);
			runOnlyForDeploymentPostprocessing = 0;
		};
/* End PBXSourcesBuildPhase section */

/* Begin PBXVariantGroup section */
		3F6999252EB71C03004BBB29 /* Main.storyboard */ = {
			isa = PBXVariantGroup;
			children = (
				3F6999262EB71C03004BBB29 /* Base */,
			);
			name = Main.storyboard;
			sourceTree = "<group>";
		};
		3F69992A2EB71C05004BBB29 /* LaunchScreen.storyboard */ = {
			isa = PBXVariantGroup;
			children = (
				3F69992B2EB71C05004BBB29 /* Base */,
			);
			name = LaunchScreen.storyboard;
			sourceTree = "<group>";
		};
/* End PBXVariantGroup section */

/* Begin XCBuildConfiguration section */
		3F69992E2EB71C05004BBB29 /* Debug */ = {
			isa = XCBuildConfiguration;
			buildSettings = {
				ALWAYS_SEARCH_USER_PATHS = NO;
				ASSETCATALOG_COMPILER_GENERATE_SWIFT_ASSET_SYMBOL_EXTENSIONS = YES;
				CLANG_ANALYZER_NONNULL = YES;
				CLANG_ANALYZER_NUMBER_OBJECT_CONVERSION = YES_AGGRESSIVE;
				CLANG_CXX_LANGUAGE_STANDARD = "gnu++20";
				CLANG_ENABLE_MODULES = YES;
				CLANG_ENABLE_OBJC_ARC = YES;
				CLANG_ENABLE_OBJC_WEAK = YES;
				CLANG_WARN_BLOCK_CAPTURE_AUTORELEASING = YES;
				CLANG_WARN_BOOL_CONVERSION = YES;
				CLANG_WARN_COMMA = YES;
				CLANG_WARN_CONSTANT_CONVERSION = YES;
				CLANG_WARN_DEPRECATED_OBJC_IMPLEMENTATIONS = YES;
				CLANG_WARN_DIRECT_OBJC_ISA_USAGE = YES_ERROR;
				CLANG_WARN_DOCUMENTATION_COMMENTS = YES;
				CLANG_WARN_EMPTY_BODY = YES;
				CLANG_WARN_ENUM_CONVERSION = YES;
				CLANG_WARN_INFINITE_RECURSION = YES;
				CLANG_WARN_INT_CONVERSION = YES;
				CLANG_WARN_NON_LITERAL_NULL_CONVERSION = YES;
				CLANG_WARN_OBJC_IMPLICIT_RETAIN_SELF = YES;
				CLANG_WARN_OBJC_LITERAL_CONVERSION = YES;
				CLANG_WARN_OBJC_ROOT_CLASS = YES_ERROR;
				CLANG_WARN_QUOTED_INCLUDE_IN_FRAMEWORK_HEADER = YES;
				CLANG_WARN_RANGE_LOOP_ANALYSIS = YES;
				CLANG_WARN_STRICT_PROTOTYPES = YES;
				CLANG_WARN_SUSPICIOUS_MOVE = YES;
				CLANG_WARN_UNGUARDED_AVAILABILITY = YES_AGGRESSIVE;
				CLANG_WARN_UNREACHABLE_CODE = YES;
				CLANG_WARN__DUPLICATE_METHOD_MATCH = YES;
				COPY_PHASE_STRIP = NO;
				DEBUG_INFORMATION_FORMAT = dwarf;
				ENABLE_STRICT_OBJC_MSGSEND = YES;
				ENABLE_TESTABILITY = YES;
				ENABLE_USER_SCRIPT_SANDBOXING = NO;
				GCC_C_LANGUAGE_STANDARD = gnu17;
				GCC_DYNAMIC_NO_PIC = NO;
				GCC_NO_COMMON_BLOCKS = YES;
				GCC_OPTIMIZATION_LEVEL = 0;
				GCC_PREPROCESSOR_DEFINITIONS = (
					"DEBUG=1",
					"$(inherited)",
				);
				GCC_WARN_64_TO_32_BIT_CONVERSION = YES;
				GCC_WARN_ABOUT_RETURN_TYPE = YES_ERROR;
				GCC_WARN_UNDECLARED_SELECTOR = YES;
				GCC_WARN_UNINITIALIZED_AUTOS = YES_AGGRESSIVE;
				GCC_WARN_UNUSED_FUNCTION = YES;
				GCC_WARN_UNUSED_VARIABLE = YES;
				IPHONEOS_DEPLOYMENT_TARGET = 17.2;
				LOCALIZATION_PREFERS_STRING_CATALOGS = YES;
				MTL_ENABLE_DEBUG_INFO = INCLUDE_SOURCE;
				MTL_FAST_MATH = YES;
				ONLY_ACTIVE_ARCH = YES;
				SDKROOT = iphoneos;
				SWIFT_ACTIVE_COMPILATION_CONDITIONS = "DEBUG $(inherited)";
				SWIFT_OPTIMIZATION_LEVEL = "-Onone";
			};
			name = Debug;
		};
		3F69992F2EB71C05004BBB29 /* Release */ = {
			isa = XCBuildConfiguration;
			buildSettings = {
				ALWAYS_SEARCH_USER_PATHS = NO;
				ASSETCATALOG_COMPILER_GENERATE_SWIFT_ASSET_SYMBOL_EXTENSIONS = YES;
				CLANG_ANALYZER_NONNULL = YES;
				CLANG_ANALYZER_NUMBER_OBJECT_CONVERSION = YES_AGGRESSIVE;
				CLANG_CXX_LANGUAGE_STANDARD = "gnu++20";
				CLANG_ENABLE_MODULES = YES;
				CLANG_ENABLE_OBJC_ARC = YES;
				CLANG_ENABLE_OBJC_WEAK = YES;
				CLANG_WARN_BLOCK_CAPTURE_AUTORELEASING = YES;
				CLANG_WARN_BOOL_CONVERSION = YES;
				CLANG_WARN_COMMA = YES;
				CLANG_WARN_CONSTANT_CONVERSION = YES;
				CLANG_WARN_DEPRECATED_OBJC_IMPLEMENTATIONS = YES;
				CLANG_WARN_DIRECT_OBJC_ISA_USAGE = YES_ERROR;
				CLANG_WARN_DOCUMENTATION_COMMENTS = YES;
				CLANG_WARN_EMPTY_BODY = YES;
				CLANG_WARN_ENUM_CONVERSION = YES;
				CLANG_WARN_INFINITE_RECURSION = YES;
				CLANG_WARN_INT_CONVERSION = YES;
				CLANG_WARN_NON_LITERAL_NULL_CONVERSION = YES;
				CLANG_WARN_OBJC_IMPLICIT_RETAIN_SELF = YES;
				CLANG_WARN_OBJC_LITERAL_CONVERSION = YES;
				CLANG_WARN_OBJC_ROOT_CLASS = YES_ERROR;
				CLANG_WARN_QUOTED_INCLUDE_IN_FRAMEWORK_HEADER = YES;
				CLANG_WARN_RANGE_LOOP_ANALYSIS = YES;
				CLANG_WARN_STRICT_PROTOTYPES = YES;
				CLANG_WARN_SUSPICIOUS_MOVE = YES;
				CLANG_WARN_UNGUARDED_AVAILABILITY = YES_AGGRESSIVE;
				CLANG_WARN_UNREACHABLE_CODE = YES;
				CLANG_WARN__DUPLICATE_METHOD_MATCH = YES;
				COPY_PHASE_STRIP = NO;
				DEBUG_INFORMATION_FORMAT = "dwarf-with-dsym";
				ENABLE_NS_ASSERTIONS = NO;
				ENABLE_STRICT_OBJC_MSGSEND = YES;
				ENABLE_USER_SCRIPT_SANDBOXING = NO;
				GCC_C_LANGUAGE_STANDARD = gnu17;
				GCC_NO_COMMON_BLOCKS = YES;
				GCC_WARN_64_TO_32_BIT_CONVERSION = YES;
				GCC_WARN_ABOUT_RETURN_TYPE = YES_ERROR;
				GCC_WARN_UNDECLARED_SELECTOR = YES;
				GCC_WARN_UNINITIALIZED_AUTOS = YES_AGGRESSIVE;
				GCC_WARN_UNUSED_FUNCTION = YES;
				GCC_WARN_UNUSED_VARIABLE = YES;
				IPHONEOS_DEPLOYMENT_TARGET = 17.2;
				LOCALIZATION_PREFERS_STRING_CATALOGS = YES;
				MTL_ENABLE_DEBUG_INFO = NO;
				MTL_FAST_MATH = YES;
				SDKROOT = iphoneos;
				SWIFT_COMPILATION_MODE = wholemodule;
				VALIDATE_PRODUCT = YES;
			};
			name = Release;
		};
		3F6999312EB71C05004BBB29 /* Debug */ = {
			isa = XCBuildConfiguration;
			buildSettings = {
				ASSETCATALOG_COMPILER_APPICON_NAME = AppIcon;
				ASSETCATALOG_COMPILER_GLOBAL_ACCENT_COLOR_NAME = AccentColor;
				CODE_SIGN_STYLE = Automatic;
				CURRENT_PROJECT_VERSION = 1;
				DEVELOPMENT_TEAM = Y3GU4XQF6P;
				GENERATE_INFOPLIST_FILE = YES;
				INFOPLIST_FILE = "css-5520-assignment-8/Info.plist";
				INFOPLIST_KEY_UIApplicationSupportsIndirectInputEvents = YES;
				INFOPLIST_KEY_UILaunchStoryboardName = LaunchScreen;
				INFOPLIST_KEY_UIMainStoryboardFile = Main;
				INFOPLIST_KEY_UISupportedInterfaceOrientations_iPad = "UIInterfaceOrientationPortrait UIInterfaceOrientationPortraitUpsideDown UIInterfaceOrientationLandscapeLeft UIInterfaceOrientationLandscapeRight";
				INFOPLIST_KEY_UISupportedInterfaceOrientations_iPhone = "UIInterfaceOrientationPortrait UIInterfaceOrientationLandscapeLeft UIInterfaceOrientationLandscapeRight";
				LD_RUNPATH_SEARCH_PATHS = (
					"$(inherited)",
					"@executable_path/Frameworks",
				);
				MARKETING_VERSION = 1.0;
				PRODUCT_BUNDLE_IDENTIFIER = "com.nuios.css-5520-assignment-8";
				PRODUCT_NAME = "$(TARGET_NAME)";
				SWIFT_EMIT_LOC_STRINGS = YES;
				SWIFT_VERSION = 5.0;
				TARGETED_DEVICE_FAMILY = "1,2";
			};
			name = Debug;
		};
		3F6999322EB71C05004BBB29 /* Release */ = {
			isa = XCBuildConfiguration;
			buildSettings = {
				ASSETCATALOG_COMPILER_APPICON_NAME = AppIcon;
				ASSETCATALOG_COMPILER_GLOBAL_ACCENT_COLOR_NAME = AccentColor;
				CODE_SIGN_STYLE = Automatic;
				CURRENT_PROJECT_VERSION = 1;
				DEVELOPMENT_TEAM = Y3GU4XQF6P;
				GENERATE_INFOPLIST_FILE = YES;
				INFOPLIST_FILE = "css-5520-assignment-8/Info.plist";
				INFOPLIST_KEY_UIApplicationSupportsIndirectInputEvents = YES;
				INFOPLIST_KEY_UILaunchStoryboardName = LaunchScreen;
				INFOPLIST_KEY_UIMainStoryboardFile = Main;
				INFOPLIST_KEY_UISupportedInterfaceOrientations_iPad = "UIInterfaceOrientationPortrait UIInterfaceOrientationPortraitUpsideDown UIInterfaceOrientationLandscapeLeft UIInterfaceOrientationLandscapeRight";
				INFOPLIST_KEY_UISupportedInterfaceOrientations_iPhone = "UIInterfaceOrientationPortrait UIInterfaceOrientationLandscapeLeft UIInterfaceOrientationLandscapeRight";
				LD_RUNPATH_SEARCH_PATHS = (
					"$(inherited)",
					"@executable_path/Frameworks",
				);
				MARKETING_VERSION = 1.0;
				PRODUCT_BUNDLE_IDENTIFIER = "com.nuios.css-5520-assignment-8";
				PRODUCT_NAME = "$(TARGET_NAME)";
				SWIFT_EMIT_LOC_STRINGS = YES;
				SWIFT_VERSION = 5.0;
				TARGETED_DEVICE_FAMILY = "1,2";
			};
			name = Release;
		};
/* End XCBuildConfiguration section */

/* Begin XCConfigurationList section */
		3F6999172EB71C03004BBB29 /* Build configuration list for PBXProject "css-5520-assignment-8" */ = {
			isa = XCConfigurationList;
			buildConfigurations = (
				3F69992E2EB71C05004BBB29 /* Debug */,
				3F69992F2EB71C05004BBB29 /* Release */,
			);
			defaultConfigurationIsVisible = 0;
			defaultConfigurationName = Release;
		};
		3F6999302EB71C05004BBB29 /* Build configuration list for PBXNativeTarget "css-5520-assignment-8" */ = {
			isa = XCConfigurationList;
			buildConfigurations = (
				3F6999312EB71C05004BBB29 /* Debug */,
				3F6999322EB71C05004BBB29 /* Release */,
			);
			defaultConfigurationIsVisible = 0;
			defaultConfigurationName = Release;
		};
/* End XCConfigurationList section */

/* Begin XCRemoteSwiftPackageReference section */
		3F17CB8D2EB93B64000AE4BB /* XCRemoteSwiftPackageReference "firebase-ios-sdk" */ = {
			isa = XCRemoteSwiftPackageReference;
			repositoryURL = "https://github.com/firebase/firebase-ios-sdk";
			requirement = {
				kind = exactVersion;
				version = 11.5.0;
			};
		};
		3F6999332EB71C17004BBB29 /* XCRemoteSwiftPackageReference "Alamofire" */ = {
			isa = XCRemoteSwiftPackageReference;
			repositoryURL = "https://github.com/Alamofire/Alamofire.git";
			requirement = {
				kind = upToNextMajorVersion;
				minimumVersion = 5.10.2;
			};
		};
/* End XCRemoteSwiftPackageReference section */

/* Begin XCSwiftPackageProductDependency section */
		3F17CB8E2EB93B64000AE4BB /* FirebaseAuth */ = {
			isa = XCSwiftPackageProductDependency;
			package = 3F17CB8D2EB93B64000AE4BB /* XCRemoteSwiftPackageReference "firebase-ios-sdk" */;
			productName = FirebaseAuth;
		};
		3F17CB902EB93B64000AE4BB /* FirebaseAuthCombine-Community */ = {
			isa = XCSwiftPackageProductDependency;
			package = 3F17CB8D2EB93B64000AE4BB /* XCRemoteSwiftPackageReference "firebase-ios-sdk" */;
			productName = "FirebaseAuthCombine-Community";
		};
		3F17CB922EB93B64000AE4BB /* FirebaseCore */ = {
			isa = XCSwiftPackageProductDependency;
			package = 3F17CB8D2EB93B64000AE4BB /* XCRemoteSwiftPackageReference "firebase-ios-sdk" */;
			productName = FirebaseCore;
		};
		3F17CB9A2EB93B64000AE4BB /* FirebaseFirestore */ = {
			isa = XCSwiftPackageProductDependency;
			package = 3F17CB8D2EB93B64000AE4BB /* XCRemoteSwiftPackageReference "firebase-ios-sdk" */;
			productName = FirebaseFirestore;
		};
		3F17CB9C2EB93B64000AE4BB /* FirebaseFirestoreCombine-Community */ = {
			isa = XCSwiftPackageProductDependency;
			package = 3F17CB8D2EB93B64000AE4BB /* XCRemoteSwiftPackageReference "firebase-ios-sdk" */;
			productName = "FirebaseFirestoreCombine-Community";
		};
		3F17CB9E2EB93B64000AE4BB /* FirebaseFunctions */ = {
			isa = XCSwiftPackageProductDependency;
			package = 3F17CB8D2EB93B64000AE4BB /* XCRemoteSwiftPackageReference "firebase-ios-sdk" */;
			productName = FirebaseFunctions;
		};
		3F17CBAE2EB93B64000AE4BB /* FirebaseStorage */ = {
			isa = XCSwiftPackageProductDependency;
			package = 3F17CB8D2EB93B64000AE4BB /* XCRemoteSwiftPackageReference "firebase-ios-sdk" */;
			productName = FirebaseStorage;
		};
		3F17CBB02EB93B64000AE4BB /* FirebaseStorageCombine-Community */ = {
			isa = XCSwiftPackageProductDependency;
			package = 3F17CB8D2EB93B64000AE4BB /* XCRemoteSwiftPackageReference "firebase-ios-sdk" */;
			productName = "FirebaseStorageCombine-Community";
		};
		3F6999342EB71C17004BBB29 /* Alamofire */ = {
			isa = XCSwiftPackageProductDependency;
			package = 3F6999332EB71C17004BBB29 /* XCRemoteSwiftPackageReference "Alamofire" */;
			productName = Alamofire;
		};
/* End XCSwiftPackageProductDependency section */
	};
	rootObject = 3F6999142EB71C03004BBB29 /* Project object */;
}
